
Microsoft Visual Studio Solution File, Format Version 12.00
# Visual Studio Version 17
VisualStudioVersion = 17.7.34031.279
MinimumVisualStudioVersion = 10.0.40219.1
Project("{FAE04EC0-301F-11D3-BF4B-00C04F79EFBC}") = "TokenES", "TokenES.csproj", "{3FCD2787-06B3-4724-A7D5-1FF494157982}"
EndProject
Global
	GlobalSection(SolutionConfigurationPlatforms) = preSolution
		Debug|Any CPU = Debug|Any CPU
		Release|Any CPU = Release|Any CPU
	EndGlobalSection
	GlobalSection(ProjectConfigurationPlatforms) = postSolution
		{3FCD2787-06B3-4724-A7D5-1FF494157982}.Debug|Any CPU.ActiveCfg = Debug|Any CPU
		{3FCD2787-06B3-4724-A7D5-1FF494157982}.Debug|Any CPU.Build.0 = Debug|Any CPU
		{3FCD2787-06B3-4724-A7D5-1FF494157982}.Release|Any CPU.ActiveCfg = Release|Any CPU
		{3FCD2787-06B3-4724-A7D5-1FF494157982}.Release|Any CPU.Build.0 = Release|Any CPU
	EndGlobalSection
	GlobalSection(SolutionProperties) = preSolution
		HideSolutionNode = FALSE
	EndGlobalSection
	GlobalSection(ExtensibilityGlobals) = postSolution
		SolutionGuid = {4E201338-D5AC-46F0-AC50-3CFEE56659D4}
	EndGlobalSection
EndGlobal
